// !$*UTF8*$!
{
	archiveVersion = 1;
	classes = {
	};
	objectVersion = 46;
	objects = {

/* Begin PBXBuildFile section */
		168EC6891EF5ADA500D6A956 /* AppDelegate.swift in Sources */ = {isa = PBXBuildFile; fileRef = 168EC6881EF5ADA500D6A956 /* AppDelegate.swift */; };
		168EC68B1EF5ADA500D6A956 /* ViewController.swift in Sources */ = {isa = PBXBuildFile; fileRef = 168EC68A1EF5ADA500D6A956 /* ViewController.swift */; };
		168EC68E1EF5ADA500D6A956 /* Main.storyboard in Resources */ = {isa = PBXBuildFile; fileRef = 168EC68C1EF5ADA500D6A956 /* Main.storyboard */; };
		168EC6901EF5ADA500D6A956 /* Assets.xcassets in Resources */ = {isa = PBXBuildFile; fileRef = 168EC68F1EF5ADA500D6A956 /* Assets.xcassets */; };
		168EC6931EF5ADA500D6A956 /* LaunchScreen.storyboard in Resources */ = {isa = PBXBuildFile; fileRef = 168EC6911EF5ADA500D6A956 /* LaunchScreen.storyboard */; };
		16DBE4E01EF5AED90072FD88 /* ac.json in Resources */ = {isa = PBXBuildFile; fileRef = 16DBE4DF1EF5AED90072FD88 /* ac.json */; };
		16DBE4E21EF5B0230072FD88 /* Villager.swift in Sources */ = {isa = PBXBuildFile; fileRef = 16DBE4E11EF5B0230072FD88 /* Villager.swift */; };
		16DBE4E41EF5B1740072FD88 /* themeSong.mp3 in Resources */ = {isa = PBXBuildFile; fileRef = 16DBE4E31EF5B1740072FD88 /* themeSong.mp3 */; };
		16DBE4E61EF5B4C80072FD88 /* VillagerCell.swift in Sources */ = {isa = PBXBuildFile; fileRef = 16DBE4E51EF5B4C80072FD88 /* VillagerCell.swift */; };
		16DBE4EA1EF5C81C0072FD88 /* VillagerDetailVC.swift in Sources */ = {isa = PBXBuildFile; fileRef = 16DBE4E91EF5C81C0072FD88 /* VillagerDetailVC.swift */; };
/* End PBXBuildFile section */

/* Begin PBXFileReference section */
		168EC6851EF5ADA500D6A956 /* Experiment4.app */ = {isa = PBXFileReference; explicitFileType = wrapper.application; includeInIndex = 0; path = Experiment4.app; sourceTree = BUILT_PRODUCTS_DIR; };
		168EC6881EF5ADA500D6A956 /* AppDelegate.swift */ = {isa = PBXFileReference; lastKnownFileType = sourcecode.swift; path = AppDelegate.swift; sourceTree = "<group>"; };
		168EC68A1EF5ADA500D6A956 /* ViewController.swift */ = {isa = PBXFileReference; lastKnownFileType = sourcecode.swift; path = ViewController.swift; sourceTree = "<group>"; };
		168EC68D1EF5ADA500D6A956 /* Base */ = {isa = PBXFileReference; lastKnownFileType = file.storyboard; name = Base; path = Base.lproj/Main.storyboard; sourceTree = "<group>"; };
		168EC68F1EF5ADA500D6A956 /* Assets.xcassets */ = {isa = PBXFileReference; lastKnownFileType = folder.assetcatalog; path = Assets.xcassets; sourceTree = "<group>"; };
		168EC6921EF5ADA500D6A956 /* Base */ = {isa = PBXFileReference; lastKnownFileType = file.storyboard; name = Base; path = Base.lproj/LaunchScreen.storyboard; sourceTree = "<group>"; };
		168EC6941EF5ADA500D6A956 /* Info.plist */ = {isa = PBXFileReference; lastKnownFileType = text.plist.xml; path = Info.plist; sourceTree = "<group>"; };
		16DBE4DF1EF5AED90072FD88 /* ac.json */ = {isa = PBXFileReference; fileEncoding = 4; lastKnownFileType = text.json; path = ac.json; sourceTree = "<group>"; };
		16DBE4E11EF5B0230072FD88 /* Villager.swift */ = {isa = PBXFileReference; fileEncoding = 4; lastKnownFileType = sourcecode.swift; path = Villager.swift; sourceTree = "<group>"; };
		16DBE4E31EF5B1740072FD88 /* themeSong.mp3 */ = {isa = PBXFileReference; lastKnownFileType = audio.mp3; path = themeSong.mp3; sourceTree = "<group>"; };
		16DBE4E51EF5B4C80072FD88 /* VillagerCell.swift */ = {isa = PBXFileReference; fileEncoding = 4; lastKnownFileType = sourcecode.swift; path = VillagerCell.swift; sourceTree = "<group>"; };
		16DBE4E71EF5C1300072FD88 /* FinkHeavy.ttf */ = {isa = PBXFileReference; lastKnownFileType = file; path = FinkHeavy.ttf; sourceTree = "<group>"; };
		16DBE4E91EF5C81C0072FD88 /* VillagerDetailVC.swift */ = {isa = PBXFileReference; fileEncoding = 4; lastKnownFileType = sourcecode.swift; path = VillagerDetailVC.swift; sourceTree = "<group>"; };
/* End PBXFileReference section */

/* Begin PBXFrameworksBuildPhase section */
		168EC6821EF5ADA500D6A956 /* Frameworks */ = {
			isa = PBXFrameworksBuildPhase;
			buildActionMask = 2147483647;
			files = (
			);
			runOnlyForDeploymentPostprocessing = 0;
		};
/* End PBXFrameworksBuildPhase section */

/* Begin PBXGroup section */
		168EC67C1EF5ADA500D6A956 = {
			isa = PBXGroup;
			children = (
				168EC6871EF5ADA500D6A956 /* Experiment4 */,
				168EC6861EF5ADA500D6A956 /* Products */,
			);
			sourceTree = "<group>";
		};
		168EC6861EF5ADA500D6A956 /* Products */ = {
			isa = PBXGroup;
			children = (
				168EC6851EF5ADA500D6A956 /* Experiment4.app */,
			);
			name = Products;
			sourceTree = "<group>";
		};
		168EC6871EF5ADA500D6A956 /* Experiment4 */ = {
			isa = PBXGroup;
			children = (
				16DBE4E81EF5C1350072FD88 /* Resources */,
				168EC6881EF5ADA500D6A956 /* AppDelegate.swift */,
				168EC68A1EF5ADA500D6A956 /* ViewController.swift */,
				168EC68C1EF5ADA500D6A956 /* Main.storyboard */,
				16DBE4E11EF5B0230072FD88 /* Villager.swift */,
				16DBE4E91EF5C81C0072FD88 /* VillagerDetailVC.swift */,
				168EC68F1EF5ADA500D6A956 /* Assets.xcassets */,
				168EC6911EF5ADA500D6A956 /* LaunchScreen.storyboard */,
				168EC6941EF5ADA500D6A956 /* Info.plist */,
				16DBE4E51EF5B4C80072FD88 /* VillagerCell.swift */,
			);
			path = Experiment4;
			sourceTree = "<group>";
		};
		16DBE4E81EF5C1350072FD88 /* Resources */ = {
			isa = PBXGroup;
			children = (
				16DBE4E71EF5C1300072FD88 /* FinkHeavy.ttf */,
				16DBE4E31EF5B1740072FD88 /* themeSong.mp3 */,
				16DBE4DF1EF5AED90072FD88 /* ac.json */,
			);
			name = Resources;
			sourceTree = "<group>";
		};
/* End PBXGroup section */

/* Begin PBXNativeTarget section */
		168EC6841EF5ADA500D6A956 /* Experiment4 */ = {
			isa = PBXNativeTarget;
			buildConfigurationList = 168EC6971EF5ADA500D6A956 /* Build configuration list for PBXNativeTarget "Experiment4" */;
			buildPhases = (
				168EC6811EF5ADA500D6A956 /* Sources */,
				168EC6821EF5ADA500D6A956 /* Frameworks */,
				168EC6831EF5ADA500D6A956 /* Resources */,
			);
			buildRules = (
			);
			dependencies = (
			);
			name = Experiment4;
			productName = Experiment4;
			productReference = 168EC6851EF5ADA500D6A956 /* Experiment4.app */;
			productType = "com.apple.product-type.application";
		};
/* End PBXNativeTarget section */

/* Begin PBXProject section */
		168EC67D1EF5ADA500D6A956 /* Project object */ = {
			isa = PBXProject;
			attributes = {
				LastSwiftUpdateCheck = 0830;
				LastUpgradeCheck = 0830;
				ORGANIZATIONNAME = "Dave's Organization";
				TargetAttributes = {
					168EC6841EF5ADA500D6A956 = {
						CreatedOnToolsVersion = 8.3.2;
						DevelopmentTeam = 6F6J9E4SZ2;
						ProvisioningStyle = Automatic;
					};
				};
			};
			buildConfigurationList = 168EC6801EF5ADA500D6A956 /* Build configuration list for PBXProject "Experiment4" */;
			compatibilityVersion = "Xcode 3.2";
			developmentRegion = English;
			hasScannedForEncodings = 0;
			knownRegions = (
				en,
				Base,
			);
			mainGroup = 168EC67C1EF5ADA500D6A956;
			productRefGroup = 168EC6861EF5ADA500D6A956 /* Products */;
			projectDirPath = "";
			projectRoot = "";
			targets = (
				168EC6841EF5ADA500D6A956 /* Experiment4 */,
			);
		};
/* End PBXProject section */

/* Begin PBXResourcesBuildPhase section */
		168EC6831EF5ADA500D6A956 /* Resources */ = {
			isa = PBXResourcesBuildPhase;
			buildActionMask = 2147483647;
			files = (
				168EC6931EF5ADA500D6A956 /* LaunchScreen.storyboard in Resources */,
				168EC6901EF5ADA500D6A956 /* Assets.xcassets in Resources */,
				16DBE4E41EF5B1740072FD88 /* themeSong.mp3 in Resources */,
				168EC68E1EF5ADA500D6A956 /* Main.storyboard in Resources */,
				16DBE4E01EF5AED90072FD88 /* ac.json in Resources */,
			);
			runOnlyForDeploymentPostprocessing = 0;
		};
/* End PBXResourcesBuildPhase section */

/* Begin PBXSourcesBuildPhase section */
		168EC6811EF5ADA500D6A956 /* Sources */ = {
			isa = PBXSourcesBuildPhase;
			buildActionMask = 2147483647;
			files = (
				168EC68B1EF5ADA500D6A956 /* ViewController.swift in Sources */,
				16DBE4EA1EF5C81C0072FD88 /* VillagerDetailVC.swift in Sources */,
				168EC6891EF5ADA500D6A956 /* AppDelegate.swift in Sources */,
				16DBE4E21EF5B0230072FD88 /* Villager.swift in Sources */,
				16DBE4E61EF5B4C80072FD88 /* VillagerCell.swift in Sources */,
			);
			runOnlyForDeploymentPostprocessing = 0;
		};
/* End PBXSourcesBuildPhase section */

/* Begin PBXVariantGroup section */
		168EC68C1EF5ADA500D6A956 /* Main.storyboard */ = {
			isa = PBXVariantGroup;
			children = (
				168EC68D1EF5ADA500D6A956 /* Base */,
			);
			name = Main.storyboard;
			sourceTree = "<group>";
		};
		168EC6911EF5ADA500D6A956 /* LaunchScreen.storyboard */ = {
			isa = PBXVariantGroup;
			children = (
				168EC6921EF5ADA500D6A956 /* Base */,
			);
			name = LaunchScreen.storyboard;
			sourceTree = "<group>";
		};
/* End PBXVariantGroup section */

/* Begin XCBuildConfiguration section */
		168EC6951EF5ADA500D6A956 /* Debug */ = {
			isa = XCBuildConfiguration;
			buildSettings = {
				ALWAYS_SEARCH_USER_PATHS = NO;
				CLANG_ANALYZER_NONNULL = YES;
				CLANG_ANALYZER_NUMBER_OBJECT_CONVERSION = YES_AGGRESSIVE;
				CLANG_CXX_LANGUAGE_STANDARD = "gnu++0x";
				CLANG_CXX_LIBRARY = "libc++";
				CLANG_ENABLE_MODULES = YES;
				CLANG_ENABLE_OBJC_ARC = YES;
				CLANG_WARN_BOOL_CONVERSION = YES;
				CLANG_WARN_CONSTANT_CONVERSION = YES;
				CLANG_WARN_DIRECT_OBJC_ISA_USAGE = YES_ERROR;
				CLANG_WARN_DOCUMENTATION_COMMENTS = YES;
				CLANG_WARN_EMPTY_BODY = YES;
				CLANG_WARN_ENUM_CONVERSION = YES;
				CLANG_WARN_INFINITE_RECURSION = YES;
				CLANG_WARN_INT_CONVERSION = YES;
				CLANG_WARN_OBJC_ROOT_CLASS = YES_ERROR;
				CLANG_WARN_SUSPICIOUS_MOVE = YES;
				CLANG_WARN_UNREACHABLE_CODE = YES;
				CLANG_WARN__DUPLICATE_METHOD_MATCH = YES;
				"CODE_SIGN_IDENTITY[sdk=iphoneos*]" = "iPhone Developer";
				COPY_PHASE_STRIP = NO;
				DEBUG_INFORMATION_FORMAT = dwarf;
				ENABLE_STRICT_OBJC_MSGSEND = YES;
				ENABLE_TESTABILITY = YES;
				GCC_C_LANGUAGE_STANDARD = gnu99;
				GCC_DYNAMIC_NO_PIC = NO;
				GCC_NO_COMMON_BLOCKS = YES;
				GCC_OPTIMIZATION_LEVEL = 0;
				GCC_PREPROCESSOR_DEFINITIONS = (
					"DEBUG=1",
					"$(inherited)",
				);
				GCC_WARN_64_TO_32_BIT_CONVERSION = YES;
				GCC_WARN_ABOUT_RETURN_TYPE = YES_ERROR;
				GCC_WARN_UNDECLARED_SELECTOR = YES;
				GCC_WARN_UNINITIALIZED_AUTOS = YES_AGGRESSIVE;
				GCC_WARN_UNUSED_FUNCTION = YES;
				GCC_WARN_UNUSED_VARIABLE = YES;
				IPHONEOS_DEPLOYMENT_TARGET = 10.3;
				MTL_ENABLE_DEBUG_INFO = YES;
				ONLY_ACTIVE_ARCH = YES;
				SDKROOT = iphoneos;
				SWIFT_ACTIVE_COMPILATION_CONDITIONS = DEBUG;
				SWIFT_OPTIMIZATION_LEVEL = "-Onone";
				TARGETED_DEVICE_FAMILY = "1,2";
			};
			name = Debug;
		};
		168EC6961EF5ADA500D6A956 /* Release */ = {
			isa = XCBuildConfiguration;
			buildSettings = {
				ALWAYS_SEARCH_USER_PATHS = NO;
				CLANG_ANALYZER_NONNULL = YES;
				CLANG_ANALYZER_NUMBER_OBJECT_CONVERSION = YES_AGGRESSIVE;
				CLANG_CXX_LANGUAGE_STANDARD = "gnu++0x";
				CLANG_CXX_LIBRARY = "libc++";
				CLANG_ENABLE_MODULES = YES;
				CLANG_ENABLE_OBJC_ARC = YES;
				CLANG_WARN_BOOL_CONVERSION = YES;
				CLANG_WARN_CONSTANT_CONVERSION = YES;
				CLANG_WARN_DIRECT_OBJC_ISA_USAGE = YES_ERROR;
				CLANG_WARN_DOCUMENTATION_COMMENTS = YES;
				CLANG_WARN_EMPTY_BODY = YES;
				CLANG_WARN_ENUM_CONVERSION = YES;
				CLANG_WARN_INFINITE_RECURSION = YES;
				CLANG_WARN_INT_CONVERSION = YES;
				CLANG_WARN_OBJC_ROOT_CLASS = YES_ERROR;
				CLANG_WARN_SUSPICIOUS_MOVE = YES;
				CLANG_WARN_UNREACHABLE_CODE = YES;
				CLANG_WARN__DUPLICATE_METHOD_MATCH = YES;
				"CODE_SIGN_IDENTITY[sdk=iphoneos*]" = "iPhone Developer";
				COPY_PHASE_STRIP = NO;
				DEBUG_INFORMATION_FORMAT = "dwarf-with-dsym";
				ENABLE_NS_ASSERTIONS = NO;
				ENABLE_STRICT_OBJC_MSGSEND = YES;
				GCC_C_LANGUAGE_STANDARD = gnu99;
				GCC_NO_COMMON_BLOCKS = YES;
				GCC_WARN_64_TO_32_BIT_CONVERSION = YES;
				GCC_WARN_ABOUT_RETURN_TYPE = YES_ERROR;
				GCC_WARN_UNDECLARED_SELECTOR = YES;
				GCC_WARN_UNINITIALIZED_AUTOS = YES_AGGRESSIVE;
				GCC_WARN_UNUSED_FUNCTION = YES;
				GCC_WARN_UNUSED_VARIABLE = YES;
				IPHONEOS_DEPLOYMENT_TARGET = 10.3;
				MTL_ENABLE_DEBUG_INFO = NO;
				SDKROOT = iphoneos;
				SWIFT_OPTIMIZATION_LEVEL = "-Owholemodule";
				TARGETED_DEVICE_FAMILY = "1,2";
				VALIDATE_PRODUCT = YES;
			};
			name = Release;
		};
		168EC6981EF5ADA500D6A956 /* Debug */ = {
			isa = XCBuildConfiguration;
			buildSettings = {
				ASSETCATALOG_COMPILER_APPICON_NAME = AppIcon;
				DEVELOPMENT_TEAM = 6F6J9E4SZ2;
				INFOPLIST_FILE = Experiment4/Info.plist;
				LD_RUNPATH_SEARCH_PATHS = "$(inherited) @executable_path/Frameworks";
				PRODUCT_BUNDLE_IDENTIFIER = gumbad.Experiment4;
				PRODUCT_NAME = "$(TARGET_NAME)";
				SWIFT_VERSION = 3.0;
			};
			name = Debug;
		};
		168EC6991EF5ADA500D6A956 /* Release */ = {
			isa = XCBuildConfiguration;
			buildSettings = {
				ASSETCATALOG_COMPILER_APPICON_NAME = AppIcon;
				DEVELOPMENT_TEAM = 6F6J9E4SZ2;
				INFOPLIST_FILE = Experiment4/Info.plist;
				LD_RUNPATH_SEARCH_PATHS = "$(inherited) @executable_path/Frameworks";
				PRODUCT_BUNDLE_IDENTIFIER = gumbad.Experiment4;
				PRODUCT_NAME = "$(TARGET_NAME)";
				SWIFT_VERSION = 3.0;
			};
			name = Release;
		};
/* End XCBuildConfiguration section */

/* Begin XCConfigurationList section */
		168EC6801EF5ADA500D6A956 /* Build configuration list for PBXProject "Experiment4" */ = {
			isa = XCConfigurationList;
			buildConfigurations = (
				168EC6951EF5ADA500D6A956 /* Debug */,
				168EC6961EF5ADA500D6A956 /* Release */,
			);
			defaultConfigurationIsVisible = 0;
			defaultConfigurationName = Release;
		};
		168EC6971EF5ADA500D6A956 /* Build configuration list for PBXNativeTarget "Experiment4" */ = {
			isa = XCConfigurationList;
			buildConfigurations = (
				168EC6981EF5ADA500D6A956 /* Debug */,
				168EC6991EF5ADA500D6A956 /* Release */,
			);
			defaultConfigurationIsVisible = 0;
			defaultConfigurationName = Release;
		};
/* End XCConfigurationList section */
	};
	rootObject = 168EC67D1EF5ADA500D6A956 /* Project object */;
}
